
Microsoft Visual Studio Solution File, Format Version 12.00
# Visual Studio Version 17
VisualStudioVersion = 17.0.32014.148
MinimumVisualStudioVersion = 10.0.40219.1
Project("{FAE04EC0-301F-11D3-BF4B-00C04F79EFBC}") = "Pro1", "Pro1\Pro1.csproj", "{7C41FF04-9AFF-4BD4-B6E9-7944158949D2}"
EndProject
Global
	GlobalSection(SolutionConfigurationPlatforms) = preSolution
		Debug|Any CPU = Debug|Any CPU
		Release|Any CPU = Release|Any CPU
	EndGlobalSection
	GlobalSection(ProjectConfigurationPlatforms) = postSolution
		{7C41FF04-9AFF-4BD4-B6E9-7944158949D2}.Debug|Any CPU.ActiveCfg = Debug|Any CPU
		{7C41FF04-9AFF-4BD4-B6E9-7944158949D2}.Debug|Any CPU.Build.0 = Debug|Any CPU
		{7C41FF04-9AFF-4BD4-B6E9-7944158949D2}.Release|Any CPU.ActiveCfg = Release|Any CPU
		{7C41FF04-9AFF-4BD4-B6E9-7944158949D2}.Release|Any CPU.Build.0 = Release|Any CPU
	EndGlobalSection
	GlobalSection(SolutionProperties) = preSolution
		HideSolutionNode = FALSE
	EndGlobalSection
	GlobalSection(ExtensibilityGlobals) = postSolution
		SolutionGuid = {68230050-415F-4F5E-916D-E6AB37DF8622}
	EndGlobalSection
EndGlobal
